
Microsoft Visual Studio Solution File, Format Version 12.00
# Visual Studio Version 16
VisualStudioVersion = 16.0.31129.286
MinimumVisualStudioVersion = 10.0.40219.1
Project("{FAE04EC0-301F-11D3-BF4B-00C04F79EFBC}") = "01electronics_crm", "01electronics_crm.csproj", "{5BFC3AC5-345F-4D60-A6D5-B8FC8968396C}"
EndProject
Project("{FAE04EC0-301F-11D3-BF4B-00C04F79EFBC}") = "01electronics_library", "..\01electronics_library\01electronics_library.csproj", "{8F7BA699-42D3-4687-A895-5F0D495292C2}"
EndProject
Global
	GlobalSection(SolutionConfigurationPlatforms) = preSolution
		Debug|Any CPU = Debug|Any CPU
		Release|Any CPU = Release|Any CPU
	EndGlobalSection
	GlobalSection(ProjectConfigurationPlatforms) = postSolution
		{5BFC3AC5-345F-4D60-A6D5-B8FC8968396C}.Debug|Any CPU.ActiveCfg = Debug|Any CPU
		{5BFC3AC5-345F-4D60-A6D5-B8FC8968396C}.Debug|Any CPU.Build.0 = Debug|Any CPU
		{5BFC3AC5-345F-4D60-A6D5-B8FC8968396C}.Release|Any CPU.ActiveCfg = Release|Any CPU
		{5BFC3AC5-345F-4D60-A6D5-B8FC8968396C}.Release|Any CPU.Build.0 = Release|Any CPU
		{8F7BA699-42D3-4687-A895-5F0D495292C2}.Debug|Any CPU.ActiveCfg = Debug|Any CPU
		{8F7BA699-42D3-4687-A895-5F0D495292C2}.Debug|Any CPU.Build.0 = Debug|Any CPU
		{8F7BA699-42D3-4687-A895-5F0D495292C2}.Release|Any CPU.ActiveCfg = Release|Any CPU
		{8F7BA699-42D3-4687-A895-5F0D495292C2}.Release|Any CPU.Build.0 = Release|Any CPU
	EndGlobalSection
	GlobalSection(SolutionProperties) = preSolution
		HideSolutionNode = FALSE
	EndGlobalSection
	GlobalSection(ExtensibilityGlobals) = postSolution
		SolutionGuid = {B10EC07E-18AD-43C1-80A0-FB2279B7F219}
	EndGlobalSection
EndGlobal
