
Microsoft Visual Studio Solution File, Format Version 12.00
# Visual Studio Version 16
VisualStudioVersion = 16.0.31129.286
MinimumVisualStudioVersion = 10.0.40219.1
Project("{FAE04EC0-301F-11D3-BF4B-00C04F79EFBC}") = "01electronics_crm", "01electronics_crm.csproj", "{9242DE85-6DD4-4CCF-8DE4-11AAF70410FB}"
EndProject
Project("{FAE04EC0-301F-11D3-BF4B-00C04F79EFBC}") = "01electronics_library", "..\01electronics_library\01electronics_library.csproj", "{E1DD415F-F86F-414F-BAED-D0EBBF4C22D5}"
EndProject
Global
	GlobalSection(SolutionConfigurationPlatforms) = preSolution
		Debug|Any CPU = Debug|Any CPU
		Release|Any CPU = Release|Any CPU
	EndGlobalSection
	GlobalSection(ProjectConfigurationPlatforms) = postSolution
		{9242DE85-6DD4-4CCF-8DE4-11AAF70410FB}.Debug|Any CPU.ActiveCfg = Debug|Any CPU
		{9242DE85-6DD4-4CCF-8DE4-11AAF70410FB}.Debug|Any CPU.Build.0 = Debug|Any CPU
		{9242DE85-6DD4-4CCF-8DE4-11AAF70410FB}.Release|Any CPU.ActiveCfg = Release|Any CPU
		{9242DE85-6DD4-4CCF-8DE4-11AAF70410FB}.Release|Any CPU.Build.0 = Release|Any CPU
		{E1DD415F-F86F-414F-BAED-D0EBBF4C22D5}.Debug|Any CPU.ActiveCfg = Debug|Any CPU
		{E1DD415F-F86F-414F-BAED-D0EBBF4C22D5}.Debug|Any CPU.Build.0 = Debug|Any CPU
		{E1DD415F-F86F-414F-BAED-D0EBBF4C22D5}.Release|Any CPU.ActiveCfg = Release|Any CPU
		{E1DD415F-F86F-414F-BAED-D0EBBF4C22D5}.Release|Any CPU.Build.0 = Release|Any CPU
	EndGlobalSection
	GlobalSection(SolutionProperties) = preSolution
		HideSolutionNode = FALSE
	EndGlobalSection
	GlobalSection(ExtensibilityGlobals) = postSolution
		SolutionGuid = {CD5D18E8-A5A7-46E7-8154-D98F48C177E8}
	EndGlobalSection
EndGlobal
